# THIS IS AN AUTOGENERATED FILE. DO NOT EDIT THIS FILE DIRECTLY.
# yarn lockfile v1


"private_npm_lib@https://github.com/thinkami-renovate-sandbox/private-npm-app.git":
  version "1.0.0"
  resolved "https://github.com/thinkami-renovate-sandbox/private-npm-app.git#1b57ff73f0a4b877c1e9fbcd204dc98fe810bf1b"

uuid@1.4.0:
  version "1.4.0"
  resolved "https://registry.yarnpkg.com/uuid/-/uuid-1.4.0.tgz#d0d3b84ab56902e99ff952f2a17aa3986d44d36f"
  integrity sha512-IzR48RgxTHa2bbD4KtzkfO11HrwBBpN536a3D1NRBBNKMCMbHjGHQRzhCuS1cMMptTagWTLIMVYCG5SP0UyEfg==
