# THIS IS AN AUTOGENERATED FILE. DO NOT EDIT THIS FILE DIRECTLY.
# yarn lockfile v1


"private_npm_lib@https://github.com/thinkami-renovate-sandbox/private-npm-app.git":
  version "1.0.0"
  resolved "https://github.com/thinkami-renovate-sandbox/private-npm-app.git#1b57ff73f0a4b877c1e9fbcd204dc98fe810bf1b"

uuid@1.4.2:
  version "1.4.2"
  resolved "https://registry.yarnpkg.com/uuid/-/uuid-1.4.2.tgz#453019f686966a6df83cdc5244e7c990ecc332fc"
  integrity sha512-woV5Ei+GBJyrqMXt0mJ9p8/I+47LYKp/4urH76FNTMjl22EhLPz1tNrQufTsrFf/PYV/7ctSZYAK7fKPWQKg+Q==
